// !$*UTF8*$!
{
	archiveVersion = 1;
	classes = {
	};
	objectVersion = 46;
	objects = {

/* Begin PBXBuildFile section */
		4A78DA3A1941567C00F792C9 /* AppDelegate.swift in Sources */ = {isa = PBXBuildFile; fileRef = 4A78DA391941567C00F792C9 /* AppDelegate.swift */; };
		4A78DA3C1941567C00F792C9 /* DetailViewController.swift in Sources */ = {isa = PBXBuildFile; fileRef = 4A78DA3B1941567C00F792C9 /* DetailViewController.swift */; };
		4A78DA3F1941567C00F792C9 /* Main.storyboard in Resources */ = {isa = PBXBuildFile; fileRef = 4A78DA3D1941567C00F792C9 /* Main.storyboard */; };
		4A78DA411941567C00F792C9 /* Images.xcassets in Resources */ = {isa = PBXBuildFile; fileRef = 4A78DA401941567C00F792C9 /* Images.xcassets */; };
		4A78DA4D1941567C00F792C9 /* swiftProductTests.swift in Sources */ = {isa = PBXBuildFile; fileRef = 4A78DA4C1941567C00F792C9 /* swiftProductTests.swift */; };
		4A78DA571941575100F792C9 /* ListViewController.swift in Sources */ = {isa = PBXBuildFile; fileRef = 4A78DA561941575100F792C9 /* ListViewController.swift */; };
/* End PBXBuildFile section */

/* Begin PBXContainerItemProxy section */
		4A78DA471941567C00F792C9 /* PBXContainerItemProxy */ = {
			isa = PBXContainerItemProxy;
			containerPortal = 4A78DA2C1941567C00F792C9 /* Project object */;
			proxyType = 1;
			remoteGlobalIDString = 4A78DA331941567C00F792C9;
			remoteInfo = swiftProduct;
		};
/* End PBXContainerItemProxy section */

/* Begin PBXFileReference section */
		4A78DA341941567C00F792C9 /* swiftProduct.app */ = {isa = PBXFileReference; explicitFileType = wrapper.application; includeInIndex = 0; path = swiftProduct.app; sourceTree = BUILT_PRODUCTS_DIR; };
		4A78DA381941567C00F792C9 /* Info.plist */ = {isa = PBXFileReference; lastKnownFileType = text.plist.xml; path = Info.plist; sourceTree = "<group>"; };
		4A78DA391941567C00F792C9 /* AppDelegate.swift */ = {isa = PBXFileReference; lastKnownFileType = sourcecode.swift; path = AppDelegate.swift; sourceTree = "<group>"; };
		4A78DA3B1941567C00F792C9 /* DetailViewController.swift */ = {isa = PBXFileReference; lastKnownFileType = sourcecode.swift; path = DetailViewController.swift; sourceTree = "<group>"; };
		4A78DA3E1941567C00F792C9 /* Base */ = {isa = PBXFileReference; lastKnownFileType = file.storyboard; name = Base; path = Base.lproj/Main.storyboard; sourceTree = "<group>"; };
		4A78DA401941567C00F792C9 /* Images.xcassets */ = {isa = PBXFileReference; lastKnownFileType = folder.assetcatalog; path = Images.xcassets; sourceTree = "<group>"; };
		4A78DA461941567C00F792C9 /* swiftProductTests.xctest */ = {isa = PBXFileReference; explicitFileType = wrapper.cfbundle; includeInIndex = 0; path = swiftProductTests.xctest; sourceTree = BUILT_PRODUCTS_DIR; };
		4A78DA4B1941567C00F792C9 /* Info.plist */ = {isa = PBXFileReference; lastKnownFileType = text.plist.xml; path = Info.plist; sourceTree = "<group>"; };
		4A78DA4C1941567C00F792C9 /* swiftProductTests.swift */ = {isa = PBXFileReference; lastKnownFileType = sourcecode.swift; path = swiftProductTests.swift; sourceTree = "<group>"; };
		4A78DA561941575100F792C9 /* ListViewController.swift */ = {isa = PBXFileReference; fileEncoding = 4; lastKnownFileType = sourcecode.swift; path = ListViewController.swift; sourceTree = "<group>"; };
/* End PBXFileReference section */

/* Begin PBXFrameworksBuildPhase section */
		4A78DA311941567C00F792C9 /* Frameworks */ = {
			isa = PBXFrameworksBuildPhase;
			buildActionMask = 2147483647;
			files = (
			);
			runOnlyForDeploymentPostprocessing = 0;
		};
		4A78DA431941567C00F792C9 /* Frameworks */ = {
			isa = PBXFrameworksBuildPhase;
			buildActionMask = 2147483647;
			files = (
			);
			runOnlyForDeploymentPostprocessing = 0;
		};
/* End PBXFrameworksBuildPhase section */

/* Begin PBXGroup section */
		4A78DA2B1941567C00F792C9 = {
			isa = PBXGroup;
			children = (
				4A78DA361941567C00F792C9 /* swiftProduct */,
				4A78DA491941567C00F792C9 /* swiftProductTests */,
				4A78DA351941567C00F792C9 /* Products */,
			);
			sourceTree = "<group>";
		};
		4A78DA351941567C00F792C9 /* Products */ = {
			isa = PBXGroup;
			children = (
				4A78DA341941567C00F792C9 /* swiftProduct.app */,
				4A78DA461941567C00F792C9 /* swiftProductTests.xctest */,
			);
			name = Products;
			sourceTree = "<group>";
		};
		4A78DA361941567C00F792C9 /* swiftProduct */ = {
			isa = PBXGroup;
			children = (
				4A78DA391941567C00F792C9 /* AppDelegate.swift */,
				4A78DA561941575100F792C9 /* ListViewController.swift */,
				4A78DA3B1941567C00F792C9 /* DetailViewController.swift */,
				4A78DA3D1941567C00F792C9 /* Main.storyboard */,
				4A78DA401941567C00F792C9 /* Images.xcassets */,
				4A78DA371941567C00F792C9 /* Supporting Files */,
			);
			path = swiftProduct;
			sourceTree = "<group>";
		};
		4A78DA371941567C00F792C9 /* Supporting Files */ = {
			isa = PBXGroup;
			children = (
				4A78DA381941567C00F792C9 /* Info.plist */,
			);
			name = "Supporting Files";
			sourceTree = "<group>";
		};
		4A78DA491941567C00F792C9 /* swiftProductTests */ = {
			isa = PBXGroup;
			children = (
				4A78DA4C1941567C00F792C9 /* swiftProductTests.swift */,
				4A78DA4A1941567C00F792C9 /* Supporting Files */,
			);
			path = swiftProductTests;
			sourceTree = "<group>";
		};
		4A78DA4A1941567C00F792C9 /* Supporting Files */ = {
			isa = PBXGroup;
			children = (
				4A78DA4B1941567C00F792C9 /* Info.plist */,
			);
			name = "Supporting Files";
			sourceTree = "<group>";
		};
/* End PBXGroup section */

/* Begin PBXNativeTarget section */
		4A78DA331941567C00F792C9 /* swiftProduct */ = {
			isa = PBXNativeTarget;
			buildConfigurationList = 4A78DA501941567C00F792C9 /* Build configuration list for PBXNativeTarget "swiftProduct" */;
			buildPhases = (
				4A78DA301941567C00F792C9 /* Sources */,
				4A78DA311941567C00F792C9 /* Frameworks */,
				4A78DA321941567C00F792C9 /* Resources */,
			);
			buildRules = (
			);
			dependencies = (
			);
			name = swiftProduct;
			productName = swiftProduct;
			productReference = 4A78DA341941567C00F792C9 /* swiftProduct.app */;
			productType = "com.apple.product-type.application";
		};
		4A78DA451941567C00F792C9 /* swiftProductTests */ = {
			isa = PBXNativeTarget;
			buildConfigurationList = 4A78DA531941567C00F792C9 /* Build configuration list for PBXNativeTarget "swiftProductTests" */;
			buildPhases = (
				4A78DA421941567C00F792C9 /* Sources */,
				4A78DA431941567C00F792C9 /* Frameworks */,
				4A78DA441941567C00F792C9 /* Resources */,
			);
			buildRules = (
			);
			dependencies = (
				4A78DA481941567C00F792C9 /* PBXTargetDependency */,
			);
			name = swiftProductTests;
			productName = swiftProductTests;
			productReference = 4A78DA461941567C00F792C9 /* swiftProductTests.xctest */;
			productType = "com.apple.product-type.bundle.unit-test";
		};
/* End PBXNativeTarget section */

/* Begin PBXProject section */
		4A78DA2C1941567C00F792C9 /* Project object */ = {
			isa = PBXProject;
			attributes = {
				LastUpgradeCheck = 0600;
				ORGANIZATIONNAME = Apple002;
				TargetAttributes = {
					4A78DA331941567C00F792C9 = {
						CreatedOnToolsVersion = 6.0;
					};
					4A78DA451941567C00F792C9 = {
						CreatedOnToolsVersion = 6.0;
						TestTargetID = 4A78DA331941567C00F792C9;
					};
				};
			};
			buildConfigurationList = 4A78DA2F1941567C00F792C9 /* Build configuration list for PBXProject "swiftProduct" */;
			compatibilityVersion = "Xcode 3.2";
			developmentRegion = English;
			hasScannedForEncodings = 0;
			knownRegions = (
				en,
				Base,
			);
			mainGroup = 4A78DA2B1941567C00F792C9;
			productRefGroup = 4A78DA351941567C00F792C9 /* Products */;
			projectDirPath = "";
			projectRoot = "";
			targets = (
				4A78DA331941567C00F792C9 /* swiftProduct */,
				4A78DA451941567C00F792C9 /* swiftProductTests */,
			);
		};
/* End PBXProject section */

/* Begin PBXResourcesBuildPhase section */
		4A78DA321941567C00F792C9 /* Resources */ = {
			isa = PBXResourcesBuildPhase;
			buildActionMask = 2147483647;
			files = (
				4A78DA3F1941567C00F792C9 /* Main.storyboard in Resources */,
				4A78DA411941567C00F792C9 /* Images.xcassets in Resources */,
			);
			runOnlyForDeploymentPostprocessing = 0;
		};
		4A78DA441941567C00F792C9 /* Resources */ = {
			isa = PBXResourcesBuildPhase;
			buildActionMask = 2147483647;
			files = (
			);
			runOnlyForDeploymentPostprocessing = 0;
		};
/* End PBXResourcesBuildPhase section */

/* Begin PBXSourcesBuildPhase section */
		4A78DA301941567C00F792C9 /* Sources */ = {
			isa = PBXSourcesBuildPhase;
			buildActionMask = 2147483647;
			files = (
				4A78DA3C1941567C00F792C9 /* DetailViewController.swift in Sources */,
				4A78DA3A1941567C00F792C9 /* AppDelegate.swift in Sources */,
				4A78DA571941575100F792C9 /* ListViewController.swift in Sources */,
			);
			runOnlyForDeploymentPostprocessing = 0;
		};
		4A78DA421941567C00F792C9 /* Sources */ = {
			isa = PBXSourcesBuildPhase;
			buildActionMask = 2147483647;
			files = (
				4A78DA4D1941567C00F792C9 /* swiftProductTests.swift in Sources */,
			);
			runOnlyForDeploymentPostprocessing = 0;
		};
/* End PBXSourcesBuildPhase section */

/* Begin PBXTargetDependency section */
		4A78DA481941567C00F792C9 /* PBXTargetDependency */ = {
			isa = PBXTargetDependency;
			target = 4A78DA331941567C00F792C9 /* swiftProduct */;
			targetProxy = 4A78DA471941567C00F792C9 /* PBXContainerItemProxy */;
		};
/* End PBXTargetDependency section */

/* Begin PBXVariantGroup section */
		4A78DA3D1941567C00F792C9 /* Main.storyboard */ = {
			isa = PBXVariantGroup;
			children = (
				4A78DA3E1941567C00F792C9 /* Base */,
			);
			name = Main.storyboard;
			sourceTree = "<group>";
		};
/* End PBXVariantGroup section */

/* Begin XCBuildConfiguration section */
		4A78DA4E1941567C00F792C9 /* Debug */ = {
			isa = XCBuildConfiguration;
			buildSettings = {
				ALWAYS_SEARCH_USER_PATHS = NO;
				CLANG_CXX_LANGUAGE_STANDARD = "gnu++0x";
				CLANG_CXX_LIBRARY = "libc++";
				CLANG_ENABLE_MODULES = YES;
				CLANG_ENABLE_OBJC_ARC = YES;
				CLANG_WARN_BOOL_CONVERSION = YES;
				CLANG_WARN_CONSTANT_CONVERSION = YES;
				CLANG_WARN_DIRECT_OBJC_ISA_USAGE = YES_ERROR;
				CLANG_WARN_EMPTY_BODY = YES;
				CLANG_WARN_ENUM_CONVERSION = YES;
				CLANG_WARN_INT_CONVERSION = YES;
				CLANG_WARN_OBJC_ROOT_CLASS = YES_ERROR;
				CLANG_WARN_UNREACHABLE_CODE = YES;
				CLANG_WARN__DUPLICATE_METHOD_MATCH = YES;
				"CODE_SIGN_IDENTITY[sdk=iphoneos*]" = "iPhone Developer";
				COPY_PHASE_STRIP = NO;
				ENABLE_STRICT_OBJC_MSGSEND = YES;
				GCC_C_LANGUAGE_STANDARD = gnu99;
				GCC_DYNAMIC_NO_PIC = NO;
				GCC_OPTIMIZATION_LEVEL = 0;
				GCC_PREPROCESSOR_DEFINITIONS = (
					"DEBUG=1",
					"$(inherited)",
				);
				GCC_SYMBOLS_PRIVATE_EXTERN = NO;
				GCC_WARN_64_TO_32_BIT_CONVERSION = YES;
				GCC_WARN_ABOUT_RETURN_TYPE = YES_ERROR;
				GCC_WARN_UNDECLARED_SELECTOR = YES;
				GCC_WARN_UNINITIALIZED_AUTOS = YES_AGGRESSIVE;
				GCC_WARN_UNUSED_FUNCTION = YES;
				GCC_WARN_UNUSED_VARIABLE = YES;
				IPHONEOS_DEPLOYMENT_TARGET = 8.0;
				METAL_ENABLE_DEBUG_INFO = YES;
				ONLY_ACTIVE_ARCH = YES;
				SDKROOT = iphoneos;
				SWIFT_OPTIMIZATION_LEVEL = "-Onone";
			};
			name = Debug;
		};
		4A78DA4F1941567C00F792C9 /* Release */ = {
			isa = XCBuildConfiguration;
			buildSettings = {
				ALWAYS_SEARCH_USER_PATHS = NO;
				CLANG_CXX_LANGUAGE_STANDARD = "gnu++0x";
				CLANG_CXX_LIBRARY = "libc++";
				CLANG_ENABLE_MODULES = YES;
				CLANG_ENABLE_OBJC_ARC = YES;
				CLANG_WARN_BOOL_CONVERSION = YES;
				CLANG_WARN_CONSTANT_CONVERSION = YES;
				CLANG_WARN_DIRECT_OBJC_ISA_USAGE = YES_ERROR;
				CLANG_WARN_EMPTY_BODY = YES;
				CLANG_WARN_ENUM_CONVERSION = YES;
				CLANG_WARN_INT_CONVERSION = YES;
				CLANG_WARN_OBJC_ROOT_CLASS = YES_ERROR;
				CLANG_WARN_UNREACHABLE_CODE = YES;
				CLANG_WARN__DUPLICATE_METHOD_MATCH = YES;
				"CODE_SIGN_IDENTITY[sdk=iphoneos*]" = "iPhone Developer";
				COPY_PHASE_STRIP = YES;
				ENABLE_NS_ASSERTIONS = NO;
				ENABLE_STRICT_OBJC_MSGSEND = YES;
				GCC_C_LANGUAGE_STANDARD = gnu99;
				GCC_WARN_64_TO_32_BIT_CONVERSION = YES;
				GCC_WARN_ABOUT_RETURN_TYPE = YES_ERROR;
				GCC_WARN_UNDECLARED_SELECTOR = YES;
				GCC_WARN_UNINITIALIZED_AUTOS = YES_AGGRESSIVE;
				GCC_WARN_UNUSED_FUNCTION = YES;
				GCC_WARN_UNUSED_VARIABLE = YES;
				IPHONEOS_DEPLOYMENT_TARGET = 8.0;
				METAL_ENABLE_DEBUG_INFO = NO;
				SDKROOT = iphoneos;
				VALIDATE_PRODUCT = YES;
			};
			name = Release;
		};
		4A78DA511941567C00F792C9 /* Debug */ = {
			isa = XCBuildConfiguration;
			buildSettings = {
				ASSETCATALOG_COMPILER_APPICON_NAME = AppIcon;
				ASSETCATALOG_COMPILER_LAUNCHIMAGE_NAME = LaunchImage;
				INFOPLIST_FILE = swiftProduct/Info.plist;
				LD_RUNPATH_SEARCH_PATHS = "$(inherited) @executable_path/Frameworks";
				PRODUCT_NAME = "$(TARGET_NAME)";
			};
			name = Debug;
		};
		4A78DA521941567C00F792C9 /* Release */ = {
			isa = XCBuildConfiguration;
			buildSettings = {
				ASSETCATALOG_COMPILER_APPICON_NAME = AppIcon;
				ASSETCATALOG_COMPILER_LAUNCHIMAGE_NAME = LaunchImage;
				INFOPLIST_FILE = swiftProduct/Info.plist;
				LD_RUNPATH_SEARCH_PATHS = "$(inherited) @executable_path/Frameworks";
				PRODUCT_NAME = "$(TARGET_NAME)";
			};
			name = Release;
		};
		4A78DA541941567C00F792C9 /* Debug */ = {
			isa = XCBuildConfiguration;
			buildSettings = {
				BUNDLE_LOADER = "$(BUILT_PRODUCTS_DIR)/swiftProduct.app/swiftProduct";
				FRAMEWORK_SEARCH_PATHS = (
					"$(SDKROOT)/Developer/Library/Frameworks",
					"$(inherited)",
				);
				GCC_PREPROCESSOR_DEFINITIONS = (
					"DEBUG=1",
					"$(inherited)",
				);
				INFOPLIST_FILE = swiftProductTests/Info.plist;
				LD_RUNPATH_SEARCH_PATHS = "$(inherited) @executable_path/Frameworks @loader_path/Frameworks";
				METAL_ENABLE_DEBUG_INFO = YES;
				PRODUCT_NAME = "$(TARGET_NAME)";
				TEST_HOST = "$(BUNDLE_LOADER)";
			};
			name = Debug;
		};
		4A78DA551941567C00F792C9 /* Release */ = {
			isa = XCBuildConfiguration;
			buildSettings = {
				BUNDLE_LOADER = "$(BUILT_PRODUCTS_DIR)/swiftProduct.app/swiftProduct";
				FRAMEWORK_SEARCH_PATHS = (
					"$(SDKROOT)/Developer/Library/Frameworks",
					"$(inherited)",
				);
				INFOPLIST_FILE = swiftProductTests/Info.plist;
				LD_RUNPATH_SEARCH_PATHS = "$(inherited) @executable_path/Frameworks @loader_path/Frameworks";
				METAL_ENABLE_DEBUG_INFO = NO;
				PRODUCT_NAME = "$(TARGET_NAME)";
				TEST_HOST = "$(BUNDLE_LOADER)";
			};
			name = Release;
		};
/* End XCBuildConfiguration section */

/* Begin XCConfigurationList section */
		4A78DA2F1941567C00F792C9 /* Build configuration list for PBXProject "swiftProduct" */ = {
			isa = XCConfigurationList;
			buildConfigurations = (
				4A78DA4E1941567C00F792C9 /* Debug */,
				4A78DA4F1941567C00F792C9 /* Release */,
			);
			defaultConfigurationIsVisible = 0;
			defaultConfigurationName = Release;
		};
		4A78DA501941567C00F792C9 /* Build configuration list for PBXNativeTarget "swiftProduct" */ = {
			isa = XCConfigurationList;
			buildConfigurations = (
				4A78DA511941567C00F792C9 /* Debug */,
				4A78DA521941567C00F792C9 /* Release */,
			);
			defaultConfigurationIsVisible = 0;
		};
		4A78DA531941567C00F792C9 /* Build configuration list for PBXNativeTarget "swiftProductTests" */ = {
			isa = XCConfigurationList;
			buildConfigurations = (
				4A78DA541941567C00F792C9 /* Debug */,
				4A78DA551941567C00F792C9 /* Release */,
			);
			defaultConfigurationIsVisible = 0;
		};
/* End XCConfigurationList section */
	};
	rootObject = 4A78DA2C1941567C00F792C9 /* Project object */;
}
